
Microsoft Visual Studio Solution File, Format Version 12.00
# Visual Studio Version 17
VisualStudioVersion = 17.14.36915.13 d17.14
MinimumVisualStudioVersion = 10.0.40219.1
Project("{FAE04EC0-301F-11D3-BF4B-00C04F79EFBC}") = "QLBanNuoc", "QLBanNuoc\QLBanNuoc.csproj", "{FF9AD3AA-6DE8-40C1-BEA7-97755DD1C557}"
EndProject
Global
	GlobalSection(SolutionConfigurationPlatforms) = preSolution
		Debug|Any CPU = Debug|Any CPU
		Release|Any CPU = Release|Any CPU
	EndGlobalSection
	GlobalSection(ProjectConfigurationPlatforms) = postSolution
		{FF9AD3AA-6DE8-40C1-BEA7-97755DD1C557}.Debug|Any CPU.ActiveCfg = Debug|Any CPU
		{FF9AD3AA-6DE8-40C1-BEA7-97755DD1C557}.Debug|Any CPU.Build.0 = Debug|Any CPU
		{FF9AD3AA-6DE8-40C1-BEA7-97755DD1C557}.Release|Any CPU.ActiveCfg = Release|Any CPU
		{FF9AD3AA-6DE8-40C1-BEA7-97755DD1C557}.Release|Any CPU.Build.0 = Release|Any CPU
	EndGlobalSection
	GlobalSection(SolutionProperties) = preSolution
		HideSolutionNode = FALSE
	EndGlobalSection
	GlobalSection(ExtensibilityGlobals) = postSolution
		SolutionGuid = {1325A189-9B41-4448-8B86-40AE908A44E9}
	EndGlobalSection
EndGlobal
